
Microsoft Visual Studio Solution File, Format Version 12.00
# Visual Studio 2017
Project("{FAE04EC0-301F-11D3-BF4B-00C04F79EFBC}") = "LevelDesign3DPlatformer", "LevelDesign3DPlatformer.csproj", "{635EBBCB-55A3-B48A-4982-470DAD100D2D}"
EndProject
Project("{FAE04EC0-301F-11D3-BF4B-00C04F79EFBC}") = "LevelDesign3DPlatformer.Plugins", "LevelDesign3DPlatformer.Plugins.csproj", "{9D372E52-FA6A-80F0-26D2-744CE2835DA3}"
EndProject
Global
	GlobalSection(SolutionConfigurationPlatforms) = preSolution
		Debug|Any CPU = Debug|Any CPU
		Release|Any CPU = Release|Any CPU
	EndGlobalSection
	GlobalSection(ProjectConfigurationPlatforms) = postSolution
		{635EBBCB-55A3-B48A-4982-470DAD100D2D}.Debug|Any CPU.ActiveCfg = Debug|Any CPU
		{635EBBCB-55A3-B48A-4982-470DAD100D2D}.Debug|Any CPU.Build.0 = Debug|Any CPU
		{635EBBCB-55A3-B48A-4982-470DAD100D2D}.Release|Any CPU.ActiveCfg = Release|Any CPU
		{635EBBCB-55A3-B48A-4982-470DAD100D2D}.Release|Any CPU.Build.0 = Release|Any CPU
		{9D372E52-FA6A-80F0-26D2-744CE2835DA3}.Debug|Any CPU.ActiveCfg = Debug|Any CPU
		{9D372E52-FA6A-80F0-26D2-744CE2835DA3}.Debug|Any CPU.Build.0 = Debug|Any CPU
		{9D372E52-FA6A-80F0-26D2-744CE2835DA3}.Release|Any CPU.ActiveCfg = Release|Any CPU
		{9D372E52-FA6A-80F0-26D2-744CE2835DA3}.Release|Any CPU.Build.0 = Release|Any CPU
	EndGlobalSection
	GlobalSection(SolutionProperties) = preSolution
		HideSolutionNode = FALSE
	EndGlobalSection
EndGlobal
